
Microsoft Visual Studio Solution File, Format Version 12.00
# Visual Studio Version 16
VisualStudioVersion = 16.0.29613.14
MinimumVisualStudioVersion = 10.0.40219.1
Project("{FAE04EC0-301F-11D3-BF4B-00C04F79EFBC}") = "SimpleAccountingSoftware", "SimpleAccountingSoftware\SimpleAccountingSoftware.csproj", "{3807EC00-ACAB-4365-BA55-6B101A6AAC59}"
EndProject
Project("{FAE04EC0-301F-11D3-BF4B-00C04F79EFBC}") = "SimpleAccountingSoftware.Models", "SimpleAccountingSoftware.Models\SimpleAccountingSoftware.Models.csproj", "{0D05993E-EC39-461A-8D87-C1F3A1409B20}"
EndProject
Project("{FAE04EC0-301F-11D3-BF4B-00C04F79EFBC}") = "SimpleAccountingSoftware.Services", "SimpleAccountingSoftware.Services\SimpleAccountingSoftware.Services.csproj", "{8A5795D1-C278-4B1A-90D9-C215C516871F}"
EndProject
Global
	GlobalSection(SolutionConfigurationPlatforms) = preSolution
		Debug|Any CPU = Debug|Any CPU
		Release|Any CPU = Release|Any CPU
	EndGlobalSection
	GlobalSection(ProjectConfigurationPlatforms) = postSolution
		{3807EC00-ACAB-4365-BA55-6B101A6AAC59}.Debug|Any CPU.ActiveCfg = Debug|Any CPU
		{3807EC00-ACAB-4365-BA55-6B101A6AAC59}.Debug|Any CPU.Build.0 = Debug|Any CPU
		{3807EC00-ACAB-4365-BA55-6B101A6AAC59}.Release|Any CPU.ActiveCfg = Release|Any CPU
		{3807EC00-ACAB-4365-BA55-6B101A6AAC59}.Release|Any CPU.Build.0 = Release|Any CPU
		{0D05993E-EC39-461A-8D87-C1F3A1409B20}.Debug|Any CPU.ActiveCfg = Debug|Any CPU
		{0D05993E-EC39-461A-8D87-C1F3A1409B20}.Debug|Any CPU.Build.0 = Debug|Any CPU
		{0D05993E-EC39-461A-8D87-C1F3A1409B20}.Release|Any CPU.ActiveCfg = Release|Any CPU
		{0D05993E-EC39-461A-8D87-C1F3A1409B20}.Release|Any CPU.Build.0 = Release|Any CPU
		{8A5795D1-C278-4B1A-90D9-C215C516871F}.Debug|Any CPU.ActiveCfg = Debug|Any CPU
		{8A5795D1-C278-4B1A-90D9-C215C516871F}.Debug|Any CPU.Build.0 = Debug|Any CPU
		{8A5795D1-C278-4B1A-90D9-C215C516871F}.Release|Any CPU.ActiveCfg = Release|Any CPU
		{8A5795D1-C278-4B1A-90D9-C215C516871F}.Release|Any CPU.Build.0 = Release|Any CPU
	EndGlobalSection
	GlobalSection(SolutionProperties) = preSolution
		HideSolutionNode = FALSE
	EndGlobalSection
	GlobalSection(ExtensibilityGlobals) = postSolution
		SolutionGuid = {EA9D5615-7DBF-48CF-A817-DAD6551A3A73}
	EndGlobalSection
EndGlobal
